# This file is automatically @generated by Cargo.
# It is not intended for manual editing.
version = 3

[[package]]
name = "blake2b-ref"
version = "0.3.1"
source = "registry+https://github.com/rust-lang/crates.io-index"
checksum = "294d17c72e0ba59fad763caa112368d0672083779cdebbb97164f4bb4c1e339a"

[[package]]
name = "buddy-alloc"
version = "0.5.0"
source = "registry+https://github.com/rust-lang/crates.io-index"
checksum = "c6aa666383df80e31d5e162998ed05880695bb377f2a98210978e586f006aaec"

[[package]]
name = "cc"
version = "1.0.73"
source = "registry+https://github.com/rust-lang/crates.io-index"
checksum = "2fff2a6927b3bb87f9595d67196a70493f627687a71d87a0d692242c33f58c11"

[[package]]
name = "cfg-if"
version = "1.0.0"
source = "registry+https://github.com/rust-lang/crates.io-index"
checksum = "baf1de4339761588bc0619e3cbc0120ee582ebb74b53b4efbf79117bd2da40fd"

[[package]]
name = "ckb-standalone-types"
version = "0.1.2"
source = "registry+https://github.com/rust-lang/crates.io-index"
checksum = "22d7cbbdab96e6b809a102cf88bfec28795a0a3c06bfdea4abe4de89777801cd"
dependencies = [
 "cfg-if",
 "molecule",
]

[[package]]
name = "ckb-std"
version = "0.13.0"
dependencies = [
 "buddy-alloc",
 "cc",
 "ckb-standalone-types",
]

[[package]]
name = "ckb-std-tests"
version = "0.1.0"
dependencies = [
 "blake2b-ref",
 "ckb-std",
]

[[package]]
name = "exec-callee"
version = "0.1.0"
dependencies = [
 "ckb-std",
]

[[package]]
name = "exec-callee-args"
version = "0.1.0"
dependencies = [
 "ckb-std",
]

[[package]]
name = "exec-caller"
version = "0.1.0"
dependencies = [
 "ckb-std",
]

[[package]]
name = "exec-caller-args"
version = "0.1.0"
dependencies = [
 "ckb-std",
]

[[package]]
name = "exec-caller-by-code-hash"
version = "0.1.0"
dependencies = [
 "ckb-std",
]

[[package]]
name = "molecule"
version = "0.7.3"
source = "registry+https://github.com/rust-lang/crates.io-index"
checksum = "edc8276c02a006bddad7d1c28c1a88f30421e1b5f0ba0ca96ceb8077c7d20c01"
dependencies = [
 "cfg-if",
]

[[package]]
name = "spawn-callee"
version = "0.1.0"
dependencies = [
 "ckb-std",
]

[[package]]
name = "spawn-caller"
version = "0.1.0"
dependencies = [
 "ckb-std",
]

[[package]]
name = "spawn-caller-by-code-hash"
version = "0.1.0"
dependencies = [
 "ckb-std",
]
