# This file is automatically @generated by Cargo.
# It is not intended for manual editing.
version = 3

[[package]]
name = "blake2b-ref"
version = "0.3.1"
source = "registry+https://github.com/rust-lang/crates.io-index"
checksum = "294d17c72e0ba59fad763caa112368d0672083779cdebbb97164f4bb4c1e339a"

[[package]]
name = "buddy-alloc"
version = "0.5.1"
source = "registry+https://github.com/rust-lang/crates.io-index"
checksum = "1f0d2da64a6a895d5a7e0724882825d50f83c13396b1b9f1878e19a024bab395"

[[package]]
name = "bytes"
version = "1.6.0"
source = "registry+https://github.com/rust-lang/crates.io-index"
checksum = "514de17de45fdb8dc022b1a7975556c53c86f9f0aa5f534b98977b171857c2c9"

[[package]]
name = "cc"
version = "1.0.83"
source = "registry+https://github.com/rust-lang/crates.io-index"
checksum = "f1174fb0b6ec23863f8b971027804a42614e347eafb0a95bf0b12cdae21fc4d0"
dependencies = [
 "libc",
]

[[package]]
name = "cfg-if"
version = "1.0.0"
source = "registry+https://github.com/rust-lang/crates.io-index"
checksum = "baf1de4339761588bc0619e3cbc0120ee582ebb74b53b4efbf79117bd2da40fd"

[[package]]
name = "ckb-gen-types"
version = "0.116.1"
source = "registry+https://github.com/rust-lang/crates.io-index"
checksum = "7a0f2d0f4224507a027d25d64824dd0dc8d367c8b5bead30289eaffe1381a7fb"
dependencies = [
 "cfg-if",
 "ckb-hash",
 "molecule",
]

[[package]]
name = "ckb-hash"
version = "0.116.1"
source = "registry+https://github.com/rust-lang/crates.io-index"
checksum = "d5754bc49cf76a7e8829fe6a7cf1eea1284cbca9777b521f072c76d6ae28d303"
dependencies = [
 "blake2b-ref",
]

[[package]]
name = "ckb-std"
version = "0.15.3"
dependencies = [
 "buddy-alloc",
 "cc",
 "ckb-gen-types",
 "gcd",
]

[[package]]
name = "ckb-std-tests"
version = "0.1.0"
dependencies = [
 "blake2b-ref",
 "bytes",
 "ckb-std",
 "log",
]

[[package]]
name = "exec-callee"
version = "0.1.0"
dependencies = [
 "ckb-std",
]

[[package]]
name = "exec-caller"
version = "0.1.0"
dependencies = [
 "ckb-std",
]

[[package]]
name = "exec-caller-by-code-hash"
version = "0.1.0"
dependencies = [
 "ckb-std",
]

[[package]]
name = "gcd"
version = "2.3.0"
source = "registry+https://github.com/rust-lang/crates.io-index"
checksum = "1d758ba1b47b00caf47f24925c0074ecb20d6dfcffe7f6d53395c0465674841a"

[[package]]
name = "libc"
version = "0.2.151"
source = "registry+https://github.com/rust-lang/crates.io-index"
checksum = "302d7ab3130588088d277783b1e2d2e10c9e9e4a16dd9050e6ec93fb3e7048f4"

[[package]]
name = "log"
version = "0.4.21"
source = "registry+https://github.com/rust-lang/crates.io-index"
checksum = "90ed8c1e510134f979dbc4f070f87d4313098b704861a105fe34231c70a3901c"

[[package]]
name = "molecule"
version = "0.7.5"
source = "registry+https://github.com/rust-lang/crates.io-index"
checksum = "d4fd9767ab5e5f2ea40f71ff4c8bdb633c50509052e093c2fdd0e390a749dfa3"
dependencies = [
 "cfg-if",
]

[[package]]
name = "spawn-callee"
version = "0.1.0"
dependencies = [
 "ckb-std",
]

[[package]]
name = "spawn-caller"
version = "0.1.0"
dependencies = [
 "ckb-std",
]

[[package]]
name = "spawn-caller-by-code-hash"
version = "0.1.0"
dependencies = [
 "ckb-std",
]
